
Microsoft Visual Studio Solution File, Format Version 12.00
Project("{FAE04EC0-301F-11D3-BF4B-00C04F79EFBC}") = "VMindbooke.Bot", "VMindbooke.Bot\VMindbooke.Bot.csproj", "{D795785F-F81E-49E6-B03B-8BA061CB5FCA}"
EndProject
Project("{FAE04EC0-301F-11D3-BF4B-00C04F79EFBC}") = "Application", "Application\Application.csproj", "{4BF1B577-4C7F-49B7-ACB8-E9CE0A1CE2E3}"
EndProject
Global
	GlobalSection(SolutionConfigurationPlatforms) = preSolution
		Debug|Any CPU = Debug|Any CPU
		Release|Any CPU = Release|Any CPU
	EndGlobalSection
	GlobalSection(ProjectConfigurationPlatforms) = postSolution
		{D795785F-F81E-49E6-B03B-8BA061CB5FCA}.Debug|Any CPU.ActiveCfg = Debug|Any CPU
		{D795785F-F81E-49E6-B03B-8BA061CB5FCA}.Debug|Any CPU.Build.0 = Debug|Any CPU
		{D795785F-F81E-49E6-B03B-8BA061CB5FCA}.Release|Any CPU.ActiveCfg = Release|Any CPU
		{D795785F-F81E-49E6-B03B-8BA061CB5FCA}.Release|Any CPU.Build.0 = Release|Any CPU
		{4BF1B577-4C7F-49B7-ACB8-E9CE0A1CE2E3}.Debug|Any CPU.ActiveCfg = Debug|Any CPU
		{4BF1B577-4C7F-49B7-ACB8-E9CE0A1CE2E3}.Debug|Any CPU.Build.0 = Debug|Any CPU
		{4BF1B577-4C7F-49B7-ACB8-E9CE0A1CE2E3}.Release|Any CPU.ActiveCfg = Release|Any CPU
		{4BF1B577-4C7F-49B7-ACB8-E9CE0A1CE2E3}.Release|Any CPU.Build.0 = Release|Any CPU
	EndGlobalSection
EndGlobal
