
Microsoft Visual Studio Solution File, Format Version 12.00
Project("{FAE04EC0-301F-11D3-BF4B-00C04F79EFBC}") = "Console", "Console\Console.csproj", "{4B37BBB0-2497-46E2-A6A6-1811F5BEA267}"
EndProject
Project("{FAE04EC0-301F-11D3-BF4B-00C04F79EFBC}") = "VMindbooke.SDK", "VMindbooke.SDK\VMindbooke.SDK.csproj", "{83EEAD79-FC4F-4692-97E5-A8633779A73D}"
EndProject
Project("{FAE04EC0-301F-11D3-BF4B-00C04F79EFBC}") = "LikesCheating", "LikesCheating\LikesCheating.csproj", "{2952B6FF-1EDD-4837-AFE9-1488A5FA1366}"
EndProject
Project("{FAE04EC0-301F-11D3-BF4B-00C04F79EFBC}") = "VMindbooke.Bot.Tests", "VMindbooke.Bot.Tests\VMindbooke.Bot.Tests.csproj", "{3639AE5C-3899-4613-884F-16F14718844A}"
EndProject
Global
	GlobalSection(SolutionConfigurationPlatforms) = preSolution
		Debug|Any CPU = Debug|Any CPU
		Release|Any CPU = Release|Any CPU
	EndGlobalSection
	GlobalSection(ProjectConfigurationPlatforms) = postSolution
		{4B37BBB0-2497-46E2-A6A6-1811F5BEA267}.Debug|Any CPU.ActiveCfg = Debug|Any CPU
		{4B37BBB0-2497-46E2-A6A6-1811F5BEA267}.Debug|Any CPU.Build.0 = Debug|Any CPU
		{4B37BBB0-2497-46E2-A6A6-1811F5BEA267}.Release|Any CPU.ActiveCfg = Release|Any CPU
		{4B37BBB0-2497-46E2-A6A6-1811F5BEA267}.Release|Any CPU.Build.0 = Release|Any CPU
		{83EEAD79-FC4F-4692-97E5-A8633779A73D}.Debug|Any CPU.ActiveCfg = Debug|Any CPU
		{83EEAD79-FC4F-4692-97E5-A8633779A73D}.Debug|Any CPU.Build.0 = Debug|Any CPU
		{83EEAD79-FC4F-4692-97E5-A8633779A73D}.Release|Any CPU.ActiveCfg = Release|Any CPU
		{83EEAD79-FC4F-4692-97E5-A8633779A73D}.Release|Any CPU.Build.0 = Release|Any CPU
		{2952B6FF-1EDD-4837-AFE9-1488A5FA1366}.Debug|Any CPU.ActiveCfg = Debug|Any CPU
		{2952B6FF-1EDD-4837-AFE9-1488A5FA1366}.Debug|Any CPU.Build.0 = Debug|Any CPU
		{2952B6FF-1EDD-4837-AFE9-1488A5FA1366}.Release|Any CPU.ActiveCfg = Release|Any CPU
		{2952B6FF-1EDD-4837-AFE9-1488A5FA1366}.Release|Any CPU.Build.0 = Release|Any CPU
		{3639AE5C-3899-4613-884F-16F14718844A}.Debug|Any CPU.ActiveCfg = Debug|Any CPU
		{3639AE5C-3899-4613-884F-16F14718844A}.Debug|Any CPU.Build.0 = Debug|Any CPU
		{3639AE5C-3899-4613-884F-16F14718844A}.Release|Any CPU.ActiveCfg = Release|Any CPU
		{3639AE5C-3899-4613-884F-16F14718844A}.Release|Any CPU.Build.0 = Release|Any CPU
	EndGlobalSection
	GlobalSection(NestedProjects) = preSolution
	EndGlobalSection
EndGlobal
