
Microsoft Visual Studio Solution File, Format Version 12.00
Project("{FAE04EC0-301F-11D3-BF4B-00C04F79EFBC}") = "VMindbooke.Bot", "VMindbooke.Bot\VMindbooke.Bot.csproj", "{64FB24FC-CEA3-44CA-9ADB-B6A274519F43}"
EndProject
Project("{FAE04EC0-301F-11D3-BF4B-00C04F79EFBC}") = "VMindbooke.Bot.Tests", "VMindbooke.Bot.Tests\VMindbooke.Bot.Tests.csproj", "{37B1A57C-3851-4520-AE3A-E1551A225F66}"
EndProject
Global
	GlobalSection(SolutionConfigurationPlatforms) = preSolution
		Debug|Any CPU = Debug|Any CPU
		Release|Any CPU = Release|Any CPU
	EndGlobalSection
	GlobalSection(ProjectConfigurationPlatforms) = postSolution
		{64FB24FC-CEA3-44CA-9ADB-B6A274519F43}.Debug|Any CPU.ActiveCfg = Debug|Any CPU
		{64FB24FC-CEA3-44CA-9ADB-B6A274519F43}.Debug|Any CPU.Build.0 = Debug|Any CPU
		{64FB24FC-CEA3-44CA-9ADB-B6A274519F43}.Release|Any CPU.ActiveCfg = Release|Any CPU
		{64FB24FC-CEA3-44CA-9ADB-B6A274519F43}.Release|Any CPU.Build.0 = Release|Any CPU
		{37B1A57C-3851-4520-AE3A-E1551A225F66}.Debug|Any CPU.ActiveCfg = Debug|Any CPU
		{37B1A57C-3851-4520-AE3A-E1551A225F66}.Debug|Any CPU.Build.0 = Debug|Any CPU
		{37B1A57C-3851-4520-AE3A-E1551A225F66}.Release|Any CPU.ActiveCfg = Release|Any CPU
		{37B1A57C-3851-4520-AE3A-E1551A225F66}.Release|Any CPU.Build.0 = Release|Any CPU
	EndGlobalSection
EndGlobal
