
Microsoft Visual Studio Solution File, Format Version 12.00
Project("{FAE04EC0-301F-11D3-BF4B-00C04F79EFBC}") = "CarmaFucker", "CarmaFucker\CarmaFucker.csproj", "{DB58ED3E-2CF1-496A-B3DF-A03726A9817F}"
EndProject
Project("{FAE04EC0-301F-11D3-BF4B-00C04F79EFBC}") = "VMindBooke.SDK", "VMindBooke.SDK\VMindBooke.SDK.csproj", "{592987B7-0265-47E9-BFF7-B94600E49F96}"
EndProject
Global
	GlobalSection(SolutionConfigurationPlatforms) = preSolution
		Debug|Any CPU = Debug|Any CPU
		Release|Any CPU = Release|Any CPU
	EndGlobalSection
	GlobalSection(ProjectConfigurationPlatforms) = postSolution
		{DB58ED3E-2CF1-496A-B3DF-A03726A9817F}.Debug|Any CPU.ActiveCfg = Debug|Any CPU
		{DB58ED3E-2CF1-496A-B3DF-A03726A9817F}.Debug|Any CPU.Build.0 = Debug|Any CPU
		{DB58ED3E-2CF1-496A-B3DF-A03726A9817F}.Release|Any CPU.ActiveCfg = Release|Any CPU
		{DB58ED3E-2CF1-496A-B3DF-A03726A9817F}.Release|Any CPU.Build.0 = Release|Any CPU
		{592987B7-0265-47E9-BFF7-B94600E49F96}.Debug|Any CPU.ActiveCfg = Debug|Any CPU
		{592987B7-0265-47E9-BFF7-B94600E49F96}.Debug|Any CPU.Build.0 = Debug|Any CPU
		{592987B7-0265-47E9-BFF7-B94600E49F96}.Release|Any CPU.ActiveCfg = Release|Any CPU
		{592987B7-0265-47E9-BFF7-B94600E49F96}.Release|Any CPU.Build.0 = Release|Any CPU
	EndGlobalSection
EndGlobal
